
Microsoft Visual Studio Solution File, Format Version 12.00
# Visual Studio Version 16
VisualStudioVersion = 16.0.31624.102
MinimumVisualStudioVersion = 10.0.40219.1
Project("{FAE04EC0-301F-11D3-BF4B-00C04F79EFBC}") = "Group", "Group\Group.csproj", "{18F2773C-B257-4E8D-9EF5-928F51120A4E}"
EndProject
Global
	GlobalSection(SolutionConfigurationPlatforms) = preSolution
		Debug|Any CPU = Debug|Any CPU
		Release|Any CPU = Release|Any CPU
	EndGlobalSection
	GlobalSection(ProjectConfigurationPlatforms) = postSolution
		{18F2773C-B257-4E8D-9EF5-928F51120A4E}.Debug|Any CPU.ActiveCfg = Debug|Any CPU
		{18F2773C-B257-4E8D-9EF5-928F51120A4E}.Debug|Any CPU.Build.0 = Debug|Any CPU
		{18F2773C-B257-4E8D-9EF5-928F51120A4E}.Release|Any CPU.ActiveCfg = Release|Any CPU
		{18F2773C-B257-4E8D-9EF5-928F51120A4E}.Release|Any CPU.Build.0 = Release|Any CPU
	EndGlobalSection
	GlobalSection(SolutionProperties) = preSolution
		HideSolutionNode = FALSE
	EndGlobalSection
	GlobalSection(ExtensibilityGlobals) = postSolution
		SolutionGuid = {7B7DBD22-4A10-4D21-B142-3C462B03AC63}
	EndGlobalSection
EndGlobal
